
Microsoft Visual Studio Solution File, Format Version 12.00
# Visual Studio 15
VisualStudioVersion = 15.0.28307.1705
MinimumVisualStudioVersion = 10.0.40219.1
Project("{FAE04EC0-301F-11D3-BF4B-00C04F79EFBC}") = "2048WindowsFormsApp", "2048WindowsFormsApp\2048WindowsFormsApp.csproj", "{B321A1BC-3337-4921-B1A7-05A97DF4399D}"
EndProject
Global
	GlobalSection(SolutionConfigurationPlatforms) = preSolution
		Debug|Any CPU = Debug|Any CPU
		Release|Any CPU = Release|Any CPU
	EndGlobalSection
	GlobalSection(ProjectConfigurationPlatforms) = postSolution
		{B321A1BC-3337-4921-B1A7-05A97DF4399D}.Debug|Any CPU.ActiveCfg = Debug|Any CPU
		{B321A1BC-3337-4921-B1A7-05A97DF4399D}.Debug|Any CPU.Build.0 = Debug|Any CPU
		{B321A1BC-3337-4921-B1A7-05A97DF4399D}.Release|Any CPU.ActiveCfg = Release|Any CPU
		{B321A1BC-3337-4921-B1A7-05A97DF4399D}.Release|Any CPU.Build.0 = Release|Any CPU
	EndGlobalSection
	GlobalSection(SolutionProperties) = preSolution
		HideSolutionNode = FALSE
	EndGlobalSection
	GlobalSection(ExtensibilityGlobals) = postSolution
		SolutionGuid = {4ED571CF-A25D-4A38-BA8D-EF8EB5DB95BD}
	EndGlobalSection
EndGlobal
